// !$*UTF8*$!
{
	archiveVersion = 1;
	classes = {
	};
	objectVersion = 48;
	objects = {

/* Begin PBXBuildFile section */
		81F6E31920CD4FBF00B7B157 /* AppDelegate.swift in Sources */ = {isa = PBXBuildFile; fileRef = 81F6E31820CD4FBF00B7B157 /* AppDelegate.swift */; };
		81F6E31B20CD4FBF00B7B157 /* ViewController.swift in Sources */ = {isa = PBXBuildFile; fileRef = 81F6E31A20CD4FBF00B7B157 /* ViewController.swift */; };
		81F6E31E20CD4FBF00B7B157 /* Main.storyboard in Resources */ = {isa = PBXBuildFile; fileRef = 81F6E31C20CD4FBF00B7B157 /* Main.storyboard */; };
		81F6E32020CD4FBF00B7B157 /* Assets.xcassets in Resources */ = {isa = PBXBuildFile; fileRef = 81F6E31F20CD4FBF00B7B157 /* Assets.xcassets */; };
		81F6E32320CD4FBF00B7B157 /* LaunchScreen.storyboard in Resources */ = {isa = PBXBuildFile; fileRef = 81F6E32120CD4FBF00B7B157 /* LaunchScreen.storyboard */; };
		81F6E32E20CE904800B7B157 /* Concetration.swift in Sources */ = {isa = PBXBuildFile; fileRef = 81F6E32D20CE904800B7B157 /* Concetration.swift */; };
		81F6E33020CE90ED00B7B157 /* Card.swift in Sources */ = {isa = PBXBuildFile; fileRef = 81F6E32F20CE90ED00B7B157 /* Card.swift */; };
/* End PBXBuildFile section */

/* Begin PBXFileReference section */
		81F6E31520CD4FBF00B7B157 /* Concetratuon.app */ = {isa = PBXFileReference; explicitFileType = wrapper.application; includeInIndex = 0; path = Concetratuon.app; sourceTree = BUILT_PRODUCTS_DIR; };
		81F6E31820CD4FBF00B7B157 /* AppDelegate.swift */ = {isa = PBXFileReference; lastKnownFileType = sourcecode.swift; path = AppDelegate.swift; sourceTree = "<group>"; };
		81F6E31A20CD4FBF00B7B157 /* ViewController.swift */ = {isa = PBXFileReference; lastKnownFileType = sourcecode.swift; path = ViewController.swift; sourceTree = "<group>"; };
		81F6E31D20CD4FBF00B7B157 /* Base */ = {isa = PBXFileReference; lastKnownFileType = file.storyboard; name = Base; path = Base.lproj/Main.storyboard; sourceTree = "<group>"; };
		81F6E31F20CD4FBF00B7B157 /* Assets.xcassets */ = {isa = PBXFileReference; lastKnownFileType = folder.assetcatalog; path = Assets.xcassets; sourceTree = "<group>"; };
		81F6E32220CD4FBF00B7B157 /* Base */ = {isa = PBXFileReference; lastKnownFileType = file.storyboard; name = Base; path = Base.lproj/LaunchScreen.storyboard; sourceTree = "<group>"; };
		81F6E32420CD4FBF00B7B157 /* Info.plist */ = {isa = PBXFileReference; lastKnownFileType = text.plist.xml; path = Info.plist; sourceTree = "<group>"; };
		81F6E32D20CE904800B7B157 /* Concetration.swift */ = {isa = PBXFileReference; lastKnownFileType = sourcecode.swift; path = Concetration.swift; sourceTree = "<group>"; };
		81F6E32F20CE90ED00B7B157 /* Card.swift */ = {isa = PBXFileReference; lastKnownFileType = sourcecode.swift; path = Card.swift; sourceTree = "<group>"; };
/* End PBXFileReference section */

/* Begin PBXFrameworksBuildPhase section */
		81F6E31220CD4FBF00B7B157 /* Frameworks */ = {
			isa = PBXFrameworksBuildPhase;
			buildActionMask = 2147483647;
			files = (
			);
			runOnlyForDeploymentPostprocessing = 0;
		};
/* End PBXFrameworksBuildPhase section */

/* Begin PBXGroup section */
		81F6E30C20CD4FBE00B7B157 = {
			isa = PBXGroup;
			children = (
				81F6E31720CD4FBF00B7B157 /* Concetratuon */,
				81F6E31620CD4FBF00B7B157 /* Products */,
			);
			sourceTree = "<group>";
		};
		81F6E31620CD4FBF00B7B157 /* Products */ = {
			isa = PBXGroup;
			children = (
				81F6E31520CD4FBF00B7B157 /* Concetratuon.app */,
			);
			name = Products;
			sourceTree = "<group>";
		};
		81F6E31720CD4FBF00B7B157 /* Concetratuon */ = {
			isa = PBXGroup;
			children = (
				81F6E32D20CE904800B7B157 /* Concetration.swift */,
				81F6E32F20CE90ED00B7B157 /* Card.swift */,
				81F6E31C20CD4FBF00B7B157 /* Main.storyboard */,
				81F6E31820CD4FBF00B7B157 /* AppDelegate.swift */,
				81F6E31A20CD4FBF00B7B157 /* ViewController.swift */,
				81F6E32A20CD50BB00B7B157 /* Supporting Files */,
				81F6E31F20CD4FBF00B7B157 /* Assets.xcassets */,
				81F6E32120CD4FBF00B7B157 /* LaunchScreen.storyboard */,
				81F6E32420CD4FBF00B7B157 /* Info.plist */,
			);
			path = Concetratuon;
			sourceTree = "<group>";
		};
		81F6E32A20CD50BB00B7B157 /* Supporting Files */ = {
			isa = PBXGroup;
			children = (
			);
			path = "Supporting Files";
			sourceTree = "<group>";
		};
/* End PBXGroup section */

/* Begin PBXNativeTarget section */
		81F6E31420CD4FBF00B7B157 /* Concetratuon */ = {
			isa = PBXNativeTarget;
			buildConfigurationList = 81F6E32720CD4FC000B7B157 /* Build configuration list for PBXNativeTarget "Concetratuon" */;
			buildPhases = (
				81F6E31120CD4FBF00B7B157 /* Sources */,
				81F6E31220CD4FBF00B7B157 /* Frameworks */,
				81F6E31320CD4FBF00B7B157 /* Resources */,
			);
			buildRules = (
			);
			dependencies = (
			);
			name = Concetratuon;
			productName = Concetratuon;
			productReference = 81F6E31520CD4FBF00B7B157 /* Concetratuon.app */;
			productType = "com.apple.product-type.application";
		};
/* End PBXNativeTarget section */

/* Begin PBXProject section */
		81F6E30D20CD4FBE00B7B157 /* Project object */ = {
			isa = PBXProject;
			attributes = {
				LastSwiftUpdateCheck = 0920;
				LastUpgradeCheck = 0920;
				ORGANIZATIONNAME = "Evgen Patlay";
				TargetAttributes = {
					81F6E31420CD4FBF00B7B157 = {
						CreatedOnToolsVersion = 9.2;
						ProvisioningStyle = Automatic;
					};
				};
			};
			buildConfigurationList = 81F6E31020CD4FBE00B7B157 /* Build configuration list for PBXProject "Concetratuon" */;
			compatibilityVersion = "Xcode 8.0";
			developmentRegion = en;
			hasScannedForEncodings = 0;
			knownRegions = (
				en,
				Base,
			);
			mainGroup = 81F6E30C20CD4FBE00B7B157;
			productRefGroup = 81F6E31620CD4FBF00B7B157 /* Products */;
			projectDirPath = "";
			projectRoot = "";
			targets = (
				81F6E31420CD4FBF00B7B157 /* Concetratuon */,
			);
		};
/* End PBXProject section */

/* Begin PBXResourcesBuildPhase section */
		81F6E31320CD4FBF00B7B157 /* Resources */ = {
			isa = PBXResourcesBuildPhase;
			buildActionMask = 2147483647;
			files = (
				81F6E32320CD4FBF00B7B157 /* LaunchScreen.storyboard in Resources */,
				81F6E32020CD4FBF00B7B157 /* Assets.xcassets in Resources */,
				81F6E31E20CD4FBF00B7B157 /* Main.storyboard in Resources */,
			);
			runOnlyForDeploymentPostprocessing = 0;
		};
/* End PBXResourcesBuildPhase section */

/* Begin PBXSourcesBuildPhase section */
		81F6E31120CD4FBF00B7B157 /* Sources */ = {
			isa = PBXSourcesBuildPhase;
			buildActionMask = 2147483647;
			files = (
				81F6E31B20CD4FBF00B7B157 /* ViewController.swift in Sources */,
				81F6E32E20CE904800B7B157 /* Concetration.swift in Sources */,
				81F6E31920CD4FBF00B7B157 /* AppDelegate.swift in Sources */,
				81F6E33020CE90ED00B7B157 /* Card.swift in Sources */,
			);
			runOnlyForDeploymentPostprocessing = 0;
		};
/* End PBXSourcesBuildPhase section */

/* Begin PBXVariantGroup section */
		81F6E31C20CD4FBF00B7B157 /* Main.storyboard */ = {
			isa = PBXVariantGroup;
			children = (
				81F6E31D20CD4FBF00B7B157 /* Base */,
			);
			name = Main.storyboard;
			sourceTree = "<group>";
		};
		81F6E32120CD4FBF00B7B157 /* LaunchScreen.storyboard */ = {
			isa = PBXVariantGroup;
			children = (
				81F6E32220CD4FBF00B7B157 /* Base */,
			);
			name = LaunchScreen.storyboard;
			sourceTree = "<group>";
		};
/* End PBXVariantGroup section */

/* Begin XCBuildConfiguration section */
		81F6E32520CD4FC000B7B157 /* Debug */ = {
			isa = XCBuildConfiguration;
			buildSettings = {
				ALWAYS_SEARCH_USER_PATHS = NO;
				CLANG_ANALYZER_NONNULL = YES;
				CLANG_ANALYZER_NUMBER_OBJECT_CONVERSION = YES_AGGRESSIVE;
				CLANG_CXX_LANGUAGE_STANDARD = "gnu++14";
				CLANG_CXX_LIBRARY = "libc++";
				CLANG_ENABLE_MODULES = YES;
				CLANG_ENABLE_OBJC_ARC = YES;
				CLANG_WARN_BLOCK_CAPTURE_AUTORELEASING = YES;
				CLANG_WARN_BOOL_CONVERSION = YES;
				CLANG_WARN_COMMA = YES;
				CLANG_WARN_CONSTANT_CONVERSION = YES;
				CLANG_WARN_DIRECT_OBJC_ISA_USAGE = YES_ERROR;
				CLANG_WARN_DOCUMENTATION_COMMENTS = YES;
				CLANG_WARN_EMPTY_BODY = YES;
				CLANG_WARN_ENUM_CONVERSION = YES;
				CLANG_WARN_INFINITE_RECURSION = YES;
				CLANG_WARN_INT_CONVERSION = YES;
				CLANG_WARN_NON_LITERAL_NULL_CONVERSION = YES;
				CLANG_WARN_OBJC_LITERAL_CONVERSION = YES;
				CLANG_WARN_OBJC_ROOT_CLASS = YES_ERROR;
				CLANG_WARN_RANGE_LOOP_ANALYSIS = YES;
				CLANG_WARN_STRICT_PROTOTYPES = YES;
				CLANG_WARN_SUSPICIOUS_MOVE = YES;
				CLANG_WARN_UNGUARDED_AVAILABILITY = YES_AGGRESSIVE;
				CLANG_WARN_UNREACHABLE_CODE = YES;
				CLANG_WARN__DUPLICATE_METHOD_MATCH = YES;
				CODE_SIGN_IDENTITY = "iPhone Developer";
				COPY_PHASE_STRIP = NO;
				DEBUG_INFORMATION_FORMAT = dwarf;
				ENABLE_STRICT_OBJC_MSGSEND = YES;
				ENABLE_TESTABILITY = YES;
				GCC_C_LANGUAGE_STANDARD = gnu11;
				GCC_DYNAMIC_NO_PIC = NO;
				GCC_NO_COMMON_BLOCKS = YES;
				GCC_OPTIMIZATION_LEVEL = 0;
				GCC_PREPROCESSOR_DEFINITIONS = (
					"DEBUG=1",
					"$(inherited)",
				);
				GCC_WARN_64_TO_32_BIT_CONVERSION = YES;
				GCC_WARN_ABOUT_RETURN_TYPE = YES_ERROR;
				GCC_WARN_UNDECLARED_SELECTOR = YES;
				GCC_WARN_UNINITIALIZED_AUTOS = YES_AGGRESSIVE;
				GCC_WARN_UNUSED_FUNCTION = YES;
				GCC_WARN_UNUSED_VARIABLE = YES;
				IPHONEOS_DEPLOYMENT_TARGET = 11.2;
				MTL_ENABLE_DEBUG_INFO = YES;
				ONLY_ACTIVE_ARCH = YES;
				SDKROOT = iphoneos;
				SWIFT_ACTIVE_COMPILATION_CONDITIONS = DEBUG;
				SWIFT_OPTIMIZATION_LEVEL = "-Onone";
			};
			name = Debug;
		};
		81F6E32620CD4FC000B7B157 /* Release */ = {
			isa = XCBuildConfiguration;
			buildSettings = {
				ALWAYS_SEARCH_USER_PATHS = NO;
				CLANG_ANALYZER_NONNULL = YES;
				CLANG_ANALYZER_NUMBER_OBJECT_CONVERSION = YES_AGGRESSIVE;
				CLANG_CXX_LANGUAGE_STANDARD = "gnu++14";
				CLANG_CXX_LIBRARY = "libc++";
				CLANG_ENABLE_MODULES = YES;
				CLANG_ENABLE_OBJC_ARC = YES;
				CLANG_WARN_BLOCK_CAPTURE_AUTORELEASING = YES;
				CLANG_WARN_BOOL_CONVERSION = YES;
				CLANG_WARN_COMMA = YES;
				CLANG_WARN_CONSTANT_CONVERSION = YES;
				CLANG_WARN_DIRECT_OBJC_ISA_USAGE = YES_ERROR;
				CLANG_WARN_DOCUMENTATION_COMMENTS = YES;
				CLANG_WARN_EMPTY_BODY = YES;
				CLANG_WARN_ENUM_CONVERSION = YES;
				CLANG_WARN_INFINITE_RECURSION = YES;
				CLANG_WARN_INT_CONVERSION = YES;
				CLANG_WARN_NON_LITERAL_NULL_CONVERSION = YES;
				CLANG_WARN_OBJC_LITERAL_CONVERSION = YES;
				CLANG_WARN_OBJC_ROOT_CLASS = YES_ERROR;
				CLANG_WARN_RANGE_LOOP_ANALYSIS = YES;
				CLANG_WARN_STRICT_PROTOTYPES = YES;
				CLANG_WARN_SUSPICIOUS_MOVE = YES;
				CLANG_WARN_UNGUARDED_AVAILABILITY = YES_AGGRESSIVE;
				CLANG_WARN_UNREACHABLE_CODE = YES;
				CLANG_WARN__DUPLICATE_METHOD_MATCH = YES;
				CODE_SIGN_IDENTITY = "iPhone Developer";
				COPY_PHASE_STRIP = NO;
				DEBUG_INFORMATION_FORMAT = "dwarf-with-dsym";
				ENABLE_NS_ASSERTIONS = NO;
				ENABLE_STRICT_OBJC_MSGSEND = YES;
				GCC_C_LANGUAGE_STANDARD = gnu11;
				GCC_NO_COMMON_BLOCKS = YES;
				GCC_WARN_64_TO_32_BIT_CONVERSION = YES;
				GCC_WARN_ABOUT_RETURN_TYPE = YES_ERROR;
				GCC_WARN_UNDECLARED_SELECTOR = YES;
				GCC_WARN_UNINITIALIZED_AUTOS = YES_AGGRESSIVE;
				GCC_WARN_UNUSED_FUNCTION = YES;
				GCC_WARN_UNUSED_VARIABLE = YES;
				IPHONEOS_DEPLOYMENT_TARGET = 11.2;
				MTL_ENABLE_DEBUG_INFO = NO;
				SDKROOT = iphoneos;
				SWIFT_OPTIMIZATION_LEVEL = "-Owholemodule";
				VALIDATE_PRODUCT = YES;
			};
			name = Release;
		};
		81F6E32820CD4FC000B7B157 /* Debug */ = {
			isa = XCBuildConfiguration;
			buildSettings = {
				ASSETCATALOG_COMPILER_APPICON_NAME = AppIcon;
				CODE_SIGN_STYLE = Automatic;
				DEVELOPMENT_TEAM = 3F7GU2N87Y;
				INFOPLIST_FILE = Concetratuon/Info.plist;
				IPHONEOS_DEPLOYMENT_TARGET = 10.3;
				LD_RUNPATH_SEARCH_PATHS = "$(inherited) @executable_path/Frameworks";
				PRODUCT_BUNDLE_IDENTIFIER = Patlay77007.Concetratuon;
				PRODUCT_NAME = "$(TARGET_NAME)";
				SWIFT_VERSION = 4.0;
				TARGETED_DEVICE_FAMILY = "1,2";
			};
			name = Debug;
		};
		81F6E32920CD4FC000B7B157 /* Release */ = {
			isa = XCBuildConfiguration;
			buildSettings = {
				ASSETCATALOG_COMPILER_APPICON_NAME = AppIcon;
				CODE_SIGN_STYLE = Automatic;
				DEVELOPMENT_TEAM = 3F7GU2N87Y;
				INFOPLIST_FILE = Concetratuon/Info.plist;
				IPHONEOS_DEPLOYMENT_TARGET = 10.3;
				LD_RUNPATH_SEARCH_PATHS = "$(inherited) @executable_path/Frameworks";
				PRODUCT_BUNDLE_IDENTIFIER = Patlay77007.Concetratuon;
				PRODUCT_NAME = "$(TARGET_NAME)";
				SWIFT_VERSION = 4.0;
				TARGETED_DEVICE_FAMILY = "1,2";
			};
			name = Release;
		};
/* End XCBuildConfiguration section */

/* Begin XCConfigurationList section */
		81F6E31020CD4FBE00B7B157 /* Build configuration list for PBXProject "Concetratuon" */ = {
			isa = XCConfigurationList;
			buildConfigurations = (
				81F6E32520CD4FC000B7B157 /* Debug */,
				81F6E32620CD4FC000B7B157 /* Release */,
			);
			defaultConfigurationIsVisible = 0;
			defaultConfigurationName = Release;
		};
		81F6E32720CD4FC000B7B157 /* Build configuration list for PBXNativeTarget "Concetratuon" */ = {
			isa = XCConfigurationList;
			buildConfigurations = (
				81F6E32820CD4FC000B7B157 /* Debug */,
				81F6E32920CD4FC000B7B157 /* Release */,
			);
			defaultConfigurationIsVisible = 0;
			defaultConfigurationName = Release;
		};
/* End XCConfigurationList section */
	};
	rootObject = 81F6E30D20CD4FBE00B7B157 /* Project object */;
}
